
Microsoft Visual Studio Solution File, Format Version 12.00
# Visual Studio Version 16
VisualStudioVersion = 16.0.31911.196
MinimumVisualStudioVersion = 10.0.40219.1
Project("{8BC9CEB8-8B4A-11D0-8D11-00A0C91BC942}") = "HelloWorld", "HelloWorld\HelloWorld.vcxproj", "{FBFB895C-0948-4209-8330-D22641F6C2C8}"
EndProject
Global
	GlobalSection(SolutionConfigurationPlatforms) = preSolution
		Debug|x64 = Debug|x64
		Debug|x86 = Debug|x86
		Release|x64 = Release|x64
		Release|x86 = Release|x86
	EndGlobalSection
	GlobalSection(ProjectConfigurationPlatforms) = postSolution
		{FBFB895C-0948-4209-8330-D22641F6C2C8}.Debug|x64.ActiveCfg = Debug|x64
		{FBFB895C-0948-4209-8330-D22641F6C2C8}.Debug|x64.Build.0 = Debug|x64
		{FBFB895C-0948-4209-8330-D22641F6C2C8}.Debug|x86.ActiveCfg = Debug|Win32
		{FBFB895C-0948-4209-8330-D22641F6C2C8}.Debug|x86.Build.0 = Debug|Win32
		{FBFB895C-0948-4209-8330-D22641F6C2C8}.Release|x64.ActiveCfg = Release|x64
		{FBFB895C-0948-4209-8330-D22641F6C2C8}.Release|x64.Build.0 = Release|x64
		{FBFB895C-0948-4209-8330-D22641F6C2C8}.Release|x86.ActiveCfg = Release|Win32
		{FBFB895C-0948-4209-8330-D22641F6C2C8}.Release|x86.Build.0 = Release|Win32
	EndGlobalSection
	GlobalSection(SolutionProperties) = preSolution
		HideSolutionNode = FALSE
	EndGlobalSection
	GlobalSection(ExtensibilityGlobals) = postSolution
		SolutionGuid = {B3B35297-DD33-4F5B-9738-C6C1FB0AD204}
	EndGlobalSection
EndGlobal
